PODS:
  - Charts (3.4.0):
    - Charts/Core (= 3.4.0)
  - Charts/Core (3.4.0)
  - IQKeyboardManagerSwift (6.5.4)
  - SwiftLinkPreview (3.1.0)
  - SwiftyDrop (4.2.0)

DEPENDENCIES:
  - Charts
  - IQKeyboardManagerSwift (~> 6.5)
  - SwiftLinkPreview (~> 3.1)
  - SwiftyDrop (~> 4.2)

SPEC REPOS:
  trunk:
    - Charts
    - IQKeyboardManagerSwift
    - SwiftLinkPreview
    - SwiftyDrop

SPEC CHECKSUMS:
  Charts: 74c9f256eaf0460c0c416522d1cf8c634ea6b286
  IQKeyboardManagerSwift: 2dde0fc70110e8eac7ccce2a46fdbec6a850b414
  SwiftLinkPreview: 3d924eeaae8d17410a827a4b37675713af1a0a8a
  SwiftyDrop: c5b306082dfbd7d6b9c1e569dcdd2ab13306e552

PODFILE CHECKSUM: 3d1b2cc249de7da93082ccd29e982b0f138920d7

COCOAPODS: 1.8.4
